// !$*UTF8*$!
{
	archiveVersion = 1;
	classes = {
	};
	objectVersion = 51;
	objects = {

/* Begin PBXBuildFile section */
		1E14C67424EE01730012FA99 /* AppDelegate.swift in Sources */ = {isa = PBXBuildFile; fileRef = 1E14C67324EE01730012FA99 /* AppDelegate.swift */; };
		1E14C67624EE01730012FA99 /* SceneDelegate.swift in Sources */ = {isa = PBXBuildFile; fileRef = 1E14C67524EE01730012FA99 /* SceneDelegate.swift */; };
		1E14C67824EE01730012FA99 /* ContentView.swift in Sources */ = {isa = PBXBuildFile; fileRef = 1E14C67724EE01730012FA99 /* ContentView.swift */; };
		1E14C67A24EE01790012FA99 /* Assets.xcassets in Resources */ = {isa = PBXBuildFile; fileRef = 1E14C67924EE01790012FA99 /* Assets.xcassets */; };
		1E14C67D24EE01790012FA99 /* Preview Assets.xcassets in Resources */ = {isa = PBXBuildFile; fileRef = 1E14C67C24EE01790012FA99 /* Preview Assets.xcassets */; };
		1E14C68024EE01790012FA99 /* LaunchScreen.storyboard in Resources */ = {isa = PBXBuildFile; fileRef = 1E14C67E24EE01790012FA99 /* LaunchScreen.storyboard */; };
		1E14C68B24EE01790012FA99 /* iOSAppTests.swift in Sources */ = {isa = PBXBuildFile; fileRef = 1E14C68A24EE01790012FA99 /* iOSAppTests.swift */; };
		1E14C69624EE01790012FA99 /* iOSAppUITests.swift in Sources */ = {isa = PBXBuildFile; fileRef = 1E14C69524EE01790012FA99 /* iOSAppUITests.swift */; };
		421352AE865B36516FB626EE /* Pods_iOSApp.framework in Frameworks */ = {isa = PBXBuildFile; fileRef = 0BCDAF296117E14BD03B3ABD /* Pods_iOSApp.framework */; };
		7A282AF424EEB0BA00723185 /* IAppConfigurator.swift in Sources */ = {isa = PBXBuildFile; fileRef = 7A282AF324EEB0BA00723185 /* IAppConfigurator.swift */; };
		7A282AF624EEB0D300723185 /* FlutterConfigurator.swift in Sources */ = {isa = PBXBuildFile; fileRef = 7A282AF524EEB0D300723185 /* FlutterConfigurator.swift */; };
		7A282B0024EEB4E700723185 /* BaseFlutterViewController.swift in Sources */ = {isa = PBXBuildFile; fileRef = 7A282AFF24EEB4E700723185 /* BaseFlutterViewController.swift */; };
/* End PBXBuildFile section */

/* Begin PBXContainerItemProxy section */
		1E14C68724EE01790012FA99 /* PBXContainerItemProxy */ = {
			isa = PBXContainerItemProxy;
			containerPortal = 1E14C66824EE01730012FA99 /* Project object */;
			proxyType = 1;
			remoteGlobalIDString = 1E14C66F24EE01730012FA99;
			remoteInfo = iOSApp;
		};
		1E14C69224EE01790012FA99 /* PBXContainerItemProxy */ = {
			isa = PBXContainerItemProxy;
			containerPortal = 1E14C66824EE01730012FA99 /* Project object */;
			proxyType = 1;
			remoteGlobalIDString = 1E14C66F24EE01730012FA99;
			remoteInfo = iOSApp;
		};
/* End PBXContainerItemProxy section */

/* Begin PBXFileReference section */
		06AE304D3A95164D25B28189 /* Pods-iOSApp.sandbox.xcconfig */ = {isa = PBXFileReference; includeInIndex = 1; lastKnownFileType = text.xcconfig; name = "Pods-iOSApp.sandbox.xcconfig"; path = "Target Support Files/Pods-iOSApp/Pods-iOSApp.sandbox.xcconfig"; sourceTree = "<group>"; };
		0BCDAF296117E14BD03B3ABD /* Pods_iOSApp.framework */ = {isa = PBXFileReference; explicitFileType = wrapper.framework; includeInIndex = 0; path = Pods_iOSApp.framework; sourceTree = BUILT_PRODUCTS_DIR; };
		1E14C67024EE01730012FA99 /* iOSApp.app */ = {isa = PBXFileReference; explicitFileType = wrapper.application; includeInIndex = 0; path = iOSApp.app; sourceTree = BUILT_PRODUCTS_DIR; };
		1E14C67324EE01730012FA99 /* AppDelegate.swift */ = {isa = PBXFileReference; lastKnownFileType = sourcecode.swift; path = AppDelegate.swift; sourceTree = "<group>"; };
		1E14C67524EE01730012FA99 /* SceneDelegate.swift */ = {isa = PBXFileReference; lastKnownFileType = sourcecode.swift; path = SceneDelegate.swift; sourceTree = "<group>"; };
		1E14C67724EE01730012FA99 /* ContentView.swift */ = {isa = PBXFileReference; lastKnownFileType = sourcecode.swift; path = ContentView.swift; sourceTree = "<group>"; };
		1E14C67924EE01790012FA99 /* Assets.xcassets */ = {isa = PBXFileReference; lastKnownFileType = folder.assetcatalog; path = Assets.xcassets; sourceTree = "<group>"; };
		1E14C67C24EE01790012FA99 /* Preview Assets.xcassets */ = {isa = PBXFileReference; lastKnownFileType = folder.assetcatalog; path = "Preview Assets.xcassets"; sourceTree = "<group>"; };
		1E14C67F24EE01790012FA99 /* Base */ = {isa = PBXFileReference; lastKnownFileType = file.storyboard; name = Base; path = Base.lproj/LaunchScreen.storyboard; sourceTree = "<group>"; };
		1E14C68124EE01790012FA99 /* Info.plist */ = {isa = PBXFileReference; lastKnownFileType = text.plist.xml; path = Info.plist; sourceTree = "<group>"; };
		1E14C68624EE01790012FA99 /* iOSAppTests.xctest */ = {isa = PBXFileReference; explicitFileType = wrapper.cfbundle; includeInIndex = 0; path = iOSAppTests.xctest; sourceTree = BUILT_PRODUCTS_DIR; };
		1E14C68A24EE01790012FA99 /* iOSAppTests.swift */ = {isa = PBXFileReference; lastKnownFileType = sourcecode.swift; path = iOSAppTests.swift; sourceTree = "<group>"; };
		1E14C68C24EE01790012FA99 /* Info.plist */ = {isa = PBXFileReference; lastKnownFileType = text.plist.xml; path = Info.plist; sourceTree = "<group>"; };
		1E14C69124EE01790012FA99 /* iOSAppUITests.xctest */ = {isa = PBXFileReference; explicitFileType = wrapper.cfbundle; includeInIndex = 0; path = iOSAppUITests.xctest; sourceTree = BUILT_PRODUCTS_DIR; };
		1E14C69524EE01790012FA99 /* iOSAppUITests.swift */ = {isa = PBXFileReference; lastKnownFileType = sourcecode.swift; path = iOSAppUITests.swift; sourceTree = "<group>"; };
		1E14C69724EE01790012FA99 /* Info.plist */ = {isa = PBXFileReference; lastKnownFileType = text.plist.xml; path = Info.plist; sourceTree = "<group>"; };
		29BA2CC0CCE7DCB2DA131591 /* Pods-iOSApp.debug.xcconfig */ = {isa = PBXFileReference; includeInIndex = 1; lastKnownFileType = text.xcconfig; name = "Pods-iOSApp.debug.xcconfig"; path = "Target Support Files/Pods-iOSApp/Pods-iOSApp.debug.xcconfig"; sourceTree = "<group>"; };
		646654D36661093A371326CD /* Pods-iOSApp.dev.xcconfig */ = {isa = PBXFileReference; includeInIndex = 1; lastKnownFileType = text.xcconfig; name = "Pods-iOSApp.dev.xcconfig"; path = "Target Support Files/Pods-iOSApp/Pods-iOSApp.dev.xcconfig"; sourceTree = "<group>"; };
		7A282AF324EEB0BA00723185 /* IAppConfigurator.swift */ = {isa = PBXFileReference; lastKnownFileType = sourcecode.swift; path = IAppConfigurator.swift; sourceTree = "<group>"; };
		7A282AF524EEB0D300723185 /* FlutterConfigurator.swift */ = {isa = PBXFileReference; lastKnownFileType = sourcecode.swift; path = FlutterConfigurator.swift; sourceTree = "<group>"; };
		7A282AFB24EEB36F00723185 /* Prod.xcconfig */ = {isa = PBXFileReference; lastKnownFileType = text.xcconfig; path = Prod.xcconfig; sourceTree = "<group>"; };
		7A282AFC24EEB37E00723185 /* Sandbox.xcconfig */ = {isa = PBXFileReference; lastKnownFileType = text.xcconfig; path = Sandbox.xcconfig; sourceTree = "<group>"; };
		7A282AFD24EEB39800723185 /* Dev.xcconfig */ = {isa = PBXFileReference; lastKnownFileType = text.xcconfig; path = Dev.xcconfig; sourceTree = "<group>"; };
		7A282AFF24EEB4E700723185 /* BaseFlutterViewController.swift */ = {isa = PBXFileReference; lastKnownFileType = sourcecode.swift; path = BaseFlutterViewController.swift; sourceTree = "<group>"; };
		B0F37769CDF668119604A026 /* Pods-iOSApp.prod.xcconfig */ = {isa = PBXFileReference; includeInIndex = 1; lastKnownFileType = text.xcconfig; name = "Pods-iOSApp.prod.xcconfig"; path = "Target Support Files/Pods-iOSApp/Pods-iOSApp.prod.xcconfig"; sourceTree = "<group>"; };
		FCE732F8D0958C0F694EA03B /* Pods-iOSApp.release.xcconfig */ = {isa = PBXFileReference; includeInIndex = 1; lastKnownFileType = text.xcconfig; name = "Pods-iOSApp.release.xcconfig"; path = "Target Support Files/Pods-iOSApp/Pods-iOSApp.release.xcconfig"; sourceTree = "<group>"; };
/* End PBXFileReference section */

/* Begin PBXFrameworksBuildPhase section */
		1E14C66D24EE01730012FA99 /* Frameworks */ = {
			isa = PBXFrameworksBuildPhase;
			buildActionMask = 2147483647;
			files = (
				421352AE865B36516FB626EE /* Pods_iOSApp.framework in Frameworks */,
			);
			runOnlyForDeploymentPostprocessing = 0;
		};
		1E14C68324EE01790012FA99 /* Frameworks */ = {
			isa = PBXFrameworksBuildPhase;
			buildActionMask = 2147483647;
			files = (
			);
			runOnlyForDeploymentPostprocessing = 0;
		};
		1E14C68E24EE01790012FA99 /* Frameworks */ = {
			isa = PBXFrameworksBuildPhase;
			buildActionMask = 2147483647;
			files = (
			);
			runOnlyForDeploymentPostprocessing = 0;
		};
/* End PBXFrameworksBuildPhase section */

/* Begin PBXGroup section */
		1E14C66724EE01730012FA99 = {
			isa = PBXGroup;
			children = (
				1E14C67224EE01730012FA99 /* iOSApp */,
				1E14C68924EE01790012FA99 /* iOSAppTests */,
				1E14C69424EE01790012FA99 /* iOSAppUITests */,
				1E14C67124EE01730012FA99 /* Products */,
				C0536B3E47D686307E5F1C1A /* Pods */,
				EF4DF209B86AB01DBF19C7A1 /* Frameworks */,
			);
			sourceTree = "<group>";
		};
		1E14C67124EE01730012FA99 /* Products */ = {
			isa = PBXGroup;
			children = (
				1E14C67024EE01730012FA99 /* iOSApp.app */,
				1E14C68624EE01790012FA99 /* iOSAppTests.xctest */,
				1E14C69124EE01790012FA99 /* iOSAppUITests.xctest */,
			);
			name = Products;
			sourceTree = "<group>";
		};
		1E14C67224EE01730012FA99 /* iOSApp */ = {
			isa = PBXGroup;
			children = (
				7A282AFE24EEB4D500723185 /* Base */,
				7A282AEF24EEB00B00723185 /* Scenes */,
				7A282AEE24EEAFD800723185 /* Client */,
				7A282AF024EEB02900723185 /* Resources */,
			);
			path = iOSApp;
			sourceTree = "<group>";
		};
		1E14C67B24EE01790012FA99 /* Preview Content */ = {
			isa = PBXGroup;
			children = (
				1E14C67C24EE01790012FA99 /* Preview Assets.xcassets */,
			);
			path = "Preview Content";
			sourceTree = "<group>";
		};
		1E14C68924EE01790012FA99 /* iOSAppTests */ = {
			isa = PBXGroup;
			children = (
				1E14C68A24EE01790012FA99 /* iOSAppTests.swift */,
				1E14C68C24EE01790012FA99 /* Info.plist */,
			);
			path = iOSAppTests;
			sourceTree = "<group>";
		};
		1E14C69424EE01790012FA99 /* iOSAppUITests */ = {
			isa = PBXGroup;
			children = (
				1E14C69524EE01790012FA99 /* iOSAppUITests.swift */,
				1E14C69724EE01790012FA99 /* Info.plist */,
			);
			path = iOSAppUITests;
			sourceTree = "<group>";
		};
		7A282AEE24EEAFD800723185 /* Client */ = {
			isa = PBXGroup;
			children = (
				7A282AF224EEB09D00723185 /* AppConfigurators */,
				1E14C68124EE01790012FA99 /* Info.plist */,
				1E14C67324EE01730012FA99 /* AppDelegate.swift */,
				7A282AFB24EEB36F00723185 /* Prod.xcconfig */,
				7A282AFC24EEB37E00723185 /* Sandbox.xcconfig */,
				7A282AFD24EEB39800723185 /* Dev.xcconfig */,
			);
			path = Client;
			sourceTree = "<group>";
		};
		7A282AEF24EEB00B00723185 /* Scenes */ = {
			isa = PBXGroup;
			children = (
				1E14C67724EE01730012FA99 /* ContentView.swift */,
				1E14C67524EE01730012FA99 /* SceneDelegate.swift */,
			);
			path = Scenes;
			sourceTree = "<group>";
		};
		7A282AF024EEB02900723185 /* Resources */ = {
			isa = PBXGroup;
			children = (
				1E14C67B24EE01790012FA99 /* Preview Content */,
				1E14C67924EE01790012FA99 /* Assets.xcassets */,
				7A282AF124EEB02F00723185 /* Storyboards */,
			);
			path = Resources;
			sourceTree = "<group>";
		};
		7A282AF124EEB02F00723185 /* Storyboards */ = {
			isa = PBXGroup;
			children = (
				1E14C67E24EE01790012FA99 /* LaunchScreen.storyboard */,
			);
			path = Storyboards;
			sourceTree = "<group>";
		};
		7A282AF224EEB09D00723185 /* AppConfigurators */ = {
			isa = PBXGroup;
			children = (
				7A282AF324EEB0BA00723185 /* IAppConfigurator.swift */,
				7A282AF524EEB0D300723185 /* FlutterConfigurator.swift */,
			);
			path = AppConfigurators;
			sourceTree = "<group>";
		};
		7A282AFE24EEB4D500723185 /* Base */ = {
			isa = PBXGroup;
			children = (
				7A282AFF24EEB4E700723185 /* BaseFlutterViewController.swift */,
			);
			path = Base;
			sourceTree = "<group>";
		};
		C0536B3E47D686307E5F1C1A /* Pods */ = {
			isa = PBXGroup;
			children = (
				29BA2CC0CCE7DCB2DA131591 /* Pods-iOSApp.debug.xcconfig */,
				FCE732F8D0958C0F694EA03B /* Pods-iOSApp.release.xcconfig */,
				646654D36661093A371326CD /* Pods-iOSApp.dev.xcconfig */,
				B0F37769CDF668119604A026 /* Pods-iOSApp.prod.xcconfig */,
				06AE304D3A95164D25B28189 /* Pods-iOSApp.sandbox.xcconfig */,
			);
			path = Pods;
			sourceTree = "<group>";
		};
		EF4DF209B86AB01DBF19C7A1 /* Frameworks */ = {
			isa = PBXGroup;
			children = (
				0BCDAF296117E14BD03B3ABD /* Pods_iOSApp.framework */,
			);
			name = Frameworks;
			sourceTree = "<group>";
		};
/* End PBXGroup section */

/* Begin PBXNativeTarget section */
		1E14C66F24EE01730012FA99 /* iOSApp */ = {
			isa = PBXNativeTarget;
			buildConfigurationList = 1E14C69A24EE01790012FA99 /* Build configuration list for PBXNativeTarget "iOSApp" */;
			buildPhases = (
				1DA1981A3ABA358DBD5FB073 /* [CP] Check Pods Manifest.lock */,
				2C4FDC8BAE790CDF93DC6BDB /* [CP-User] Run Flutter Build flutter_module Script */,
				1E14C66C24EE01730012FA99 /* Sources */,
				1E14C66D24EE01730012FA99 /* Frameworks */,
				1E14C66E24EE01730012FA99 /* Resources */,
				37DBE75E480EF9EABCB4EB60 /* [CP] Embed Pods Frameworks */,
			);
			buildRules = (
			);
			dependencies = (
			);
			name = iOSApp;
			productName = iOSApp;
			productReference = 1E14C67024EE01730012FA99 /* iOSApp.app */;
			productType = "com.apple.product-type.application";
		};
		1E14C68524EE01790012FA99 /* iOSAppTests */ = {
			isa = PBXNativeTarget;
			buildConfigurationList = 1E14C69D24EE01790012FA99 /* Build configuration list for PBXNativeTarget "iOSAppTests" */;
			buildPhases = (
				1E14C68224EE01790012FA99 /* Sources */,
				1E14C68324EE01790012FA99 /* Frameworks */,
				1E14C68424EE01790012FA99 /* Resources */,
			);
			buildRules = (
			);
			dependencies = (
				1E14C68824EE01790012FA99 /* PBXTargetDependency */,
			);
			name = iOSAppTests;
			productName = iOSAppTests;
			productReference = 1E14C68624EE01790012FA99 /* iOSAppTests.xctest */;
			productType = "com.apple.product-type.bundle.unit-test";
		};
		1E14C69024EE01790012FA99 /* iOSAppUITests */ = {
			isa = PBXNativeTarget;
			buildConfigurationList = 1E14C6A024EE01790012FA99 /* Build configuration list for PBXNativeTarget "iOSAppUITests" */;
			buildPhases = (
				1E14C68D24EE01790012FA99 /* Sources */,
				1E14C68E24EE01790012FA99 /* Frameworks */,
				1E14C68F24EE01790012FA99 /* Resources */,
			);
			buildRules = (
			);
			dependencies = (
				1E14C69324EE01790012FA99 /* PBXTargetDependency */,
			);
			name = iOSAppUITests;
			productName = iOSAppUITests;
			productReference = 1E14C69124EE01790012FA99 /* iOSAppUITests.xctest */;
			productType = "com.apple.product-type.bundle.ui-testing";
		};
/* End PBXNativeTarget section */

/* Begin PBXProject section */
		1E14C66824EE01730012FA99 /* Project object */ = {
			isa = PBXProject;
			attributes = {
				LastSwiftUpdateCheck = 1160;
				LastUpgradeCheck = 1160;
				ORGANIZATIONNAME = "Diefferson Santos";
				TargetAttributes = {
					1E14C66F24EE01730012FA99 = {
						CreatedOnToolsVersion = 11.6;
					};
					1E14C68524EE01790012FA99 = {
						CreatedOnToolsVersion = 11.6;
						TestTargetID = 1E14C66F24EE01730012FA99;
					};
					1E14C69024EE01790012FA99 = {
						CreatedOnToolsVersion = 11.6;
						TestTargetID = 1E14C66F24EE01730012FA99;
					};
				};
			};
			buildConfigurationList = 1E14C66B24EE01730012FA99 /* Build configuration list for PBXProject "iOSApp" */;
			compatibilityVersion = "Xcode 9.3";
			developmentRegion = en;
			hasScannedForEncodings = 0;
			knownRegions = (
				en,
				Base,
			);
			mainGroup = 1E14C66724EE01730012FA99;
			productRefGroup = 1E14C67124EE01730012FA99 /* Products */;
			projectDirPath = "";
			projectRoot = "";
			targets = (
				1E14C66F24EE01730012FA99 /* iOSApp */,
				1E14C68524EE01790012FA99 /* iOSAppTests */,
				1E14C69024EE01790012FA99 /* iOSAppUITests */,
			);
		};
/* End PBXProject section */

/* Begin PBXResourcesBuildPhase section */
		1E14C66E24EE01730012FA99 /* Resources */ = {
			isa = PBXResourcesBuildPhase;
			buildActionMask = 2147483647;
			files = (
				1E14C68024EE01790012FA99 /* LaunchScreen.storyboard in Resources */,
				1E14C67D24EE01790012FA99 /* Preview Assets.xcassets in Resources */,
				1E14C67A24EE01790012FA99 /* Assets.xcassets in Resources */,
			);
			runOnlyForDeploymentPostprocessing = 0;
		};
		1E14C68424EE01790012FA99 /* Resources */ = {
			isa = PBXResourcesBuildPhase;
			buildActionMask = 2147483647;
			files = (
			);
			runOnlyForDeploymentPostprocessing = 0;
		};
		1E14C68F24EE01790012FA99 /* Resources */ = {
			isa = PBXResourcesBuildPhase;
			buildActionMask = 2147483647;
			files = (
			);
			runOnlyForDeploymentPostprocessing = 0;
		};
/* End PBXResourcesBuildPhase section */

/* Begin PBXShellScriptBuildPhase section */
		1DA1981A3ABA358DBD5FB073 /* [CP] Check Pods Manifest.lock */ = {
			isa = PBXShellScriptBuildPhase;
			buildActionMask = 2147483647;
			files = (
			);
			inputFileListPaths = (
			);
			inputPaths = (
				"${PODS_PODFILE_DIR_PATH}/Podfile.lock",
				"${PODS_ROOT}/Manifest.lock",
			);
			name = "[CP] Check Pods Manifest.lock";
			outputFileListPaths = (
			);
			outputPaths = (
				"$(DERIVED_FILE_DIR)/Pods-iOSApp-checkManifestLockResult.txt",
			);
			runOnlyForDeploymentPostprocessing = 0;
			shellPath = /bin/sh;
			shellScript = "diff \"${PODS_PODFILE_DIR_PATH}/Podfile.lock\" \"${PODS_ROOT}/Manifest.lock\" > /dev/null\nif [ $? != 0 ] ; then\n    # print error to STDERR\n    echo \"error: The sandbox is not in sync with the Podfile.lock. Run 'pod install' or update your CocoaPods installation.\" >&2\n    exit 1\nfi\n# This output is used by Xcode 'outputs' to avoid re-running this script phase.\necho \"SUCCESS\" > \"${SCRIPT_OUTPUT_FILE_0}\"\n";
			showEnvVarsInLog = 0;
		};
		2C4FDC8BAE790CDF93DC6BDB /* [CP-User] Run Flutter Build flutter_module Script */ = {
			isa = PBXShellScriptBuildPhase;
			buildActionMask = 2147483647;
			files = (
			);
			inputPaths = (
				"${SRCROOT}/flutter_module/.metadata",
				"${SRCROOT}/flutter_module/.ios/Flutter/App.framework/App",
				"${SRCROOT}/flutter_module/.ios/Flutter/engine/Flutter.framework/Flutter",
				"${SRCROOT}/flutter_module/.ios/Flutter/flutter_export_environment.sh",
			);
			name = "[CP-User] Run Flutter Build flutter_module Script";
			runOnlyForDeploymentPostprocessing = 0;
			shellPath = /bin/sh;
			shellScript = "set -e\nset -u\nsource \"${SRCROOT}/flutter_module/.ios/Flutter/flutter_export_environment.sh\"\n\"$FLUTTER_ROOT\"/packages/flutter_tools/bin/xcode_backend.sh build";
		};
		37DBE75E480EF9EABCB4EB60 /* [CP] Embed Pods Frameworks */ = {
			isa = PBXShellScriptBuildPhase;
			buildActionMask = 2147483647;
			files = (
			);
			inputFileListPaths = (
				"${PODS_ROOT}/Target Support Files/Pods-iOSApp/Pods-iOSApp-frameworks-${CONFIGURATION}-input-files.xcfilelist",
			);
			name = "[CP] Embed Pods Frameworks";
			outputFileListPaths = (
				"${PODS_ROOT}/Target Support Files/Pods-iOSApp/Pods-iOSApp-frameworks-${CONFIGURATION}-output-files.xcfilelist",
			);
			runOnlyForDeploymentPostprocessing = 0;
			shellPath = /bin/sh;
			shellScript = "\"${PODS_ROOT}/Target Support Files/Pods-iOSApp/Pods-iOSApp-frameworks.sh\"\n";
			showEnvVarsInLog = 0;
		};
/* End PBXShellScriptBuildPhase section */

/* Begin PBXSourcesBuildPhase section */
		1E14C66C24EE01730012FA99 /* Sources */ = {
			isa = PBXSourcesBuildPhase;
			buildActionMask = 2147483647;
			files = (
				1E14C67424EE01730012FA99 /* AppDelegate.swift in Sources */,
				7A282AF624EEB0D300723185 /* FlutterConfigurator.swift in Sources */,
				7A282B0024EEB4E700723185 /* BaseFlutterViewController.swift in Sources */,
				1E14C67624EE01730012FA99 /* SceneDelegate.swift in Sources */,
				7A282AF424EEB0BA00723185 /* IAppConfigurator.swift in Sources */,
				1E14C67824EE01730012FA99 /* ContentView.swift in Sources */,
			);
			runOnlyForDeploymentPostprocessing = 0;
		};
		1E14C68224EE01790012FA99 /* Sources */ = {
			isa = PBXSourcesBuildPhase;
			buildActionMask = 2147483647;
			files = (
				1E14C68B24EE01790012FA99 /* iOSAppTests.swift in Sources */,
			);
			runOnlyForDeploymentPostprocessing = 0;
		};
		1E14C68D24EE01790012FA99 /* Sources */ = {
			isa = PBXSourcesBuildPhase;
			buildActionMask = 2147483647;
			files = (
				1E14C69624EE01790012FA99 /* iOSAppUITests.swift in Sources */,
			);
			runOnlyForDeploymentPostprocessing = 0;
		};
/* End PBXSourcesBuildPhase section */

/* Begin PBXTargetDependency section */
		1E14C68824EE01790012FA99 /* PBXTargetDependency */ = {
			isa = PBXTargetDependency;
			target = 1E14C66F24EE01730012FA99 /* iOSApp */;
			targetProxy = 1E14C68724EE01790012FA99 /* PBXContainerItemProxy */;
		};
		1E14C69324EE01790012FA99 /* PBXTargetDependency */ = {
			isa = PBXTargetDependency;
			target = 1E14C66F24EE01730012FA99 /* iOSApp */;
			targetProxy = 1E14C69224EE01790012FA99 /* PBXContainerItemProxy */;
		};
/* End PBXTargetDependency section */

/* Begin PBXVariantGroup section */
		1E14C67E24EE01790012FA99 /* LaunchScreen.storyboard */ = {
			isa = PBXVariantGroup;
			children = (
				1E14C67F24EE01790012FA99 /* Base */,
			);
			name = LaunchScreen.storyboard;
			sourceTree = "<group>";
		};
/* End PBXVariantGroup section */

/* Begin XCBuildConfiguration section */
		1E14C69824EE01790012FA99 /* Dev */ = {
			isa = XCBuildConfiguration;
			baseConfigurationReference = 7A282AFD24EEB39800723185 /* Dev.xcconfig */;
			buildSettings = {
				ALWAYS_SEARCH_USER_PATHS = NO;
				CLANG_ANALYZER_NONNULL = YES;
				CLANG_ANALYZER_NUMBER_OBJECT_CONVERSION = YES_AGGRESSIVE;
				CLANG_CXX_LANGUAGE_STANDARD = "gnu++14";
				CLANG_CXX_LIBRARY = "libc++";
				CLANG_ENABLE_MODULES = YES;
				CLANG_ENABLE_OBJC_ARC = YES;
				CLANG_ENABLE_OBJC_WEAK = YES;
				CLANG_WARN_BLOCK_CAPTURE_AUTORELEASING = YES;
				CLANG_WARN_BOOL_CONVERSION = YES;
				CLANG_WARN_COMMA = YES;
				CLANG_WARN_CONSTANT_CONVERSION = YES;
				CLANG_WARN_DEPRECATED_OBJC_IMPLEMENTATIONS = YES;
				CLANG_WARN_DIRECT_OBJC_ISA_USAGE = YES_ERROR;
				CLANG_WARN_DOCUMENTATION_COMMENTS = YES;
				CLANG_WARN_EMPTY_BODY = YES;
				CLANG_WARN_ENUM_CONVERSION = YES;
				CLANG_WARN_INFINITE_RECURSION = YES;
				CLANG_WARN_INT_CONVERSION = YES;
				CLANG_WARN_NON_LITERAL_NULL_CONVERSION = YES;
				CLANG_WARN_OBJC_IMPLICIT_RETAIN_SELF = YES;
				CLANG_WARN_OBJC_LITERAL_CONVERSION = YES;
				CLANG_WARN_OBJC_ROOT_CLASS = YES_ERROR;
				CLANG_WARN_RANGE_LOOP_ANALYSIS = YES;
				CLANG_WARN_STRICT_PROTOTYPES = YES;
				CLANG_WARN_SUSPICIOUS_MOVE = YES;
				CLANG_WARN_UNGUARDED_AVAILABILITY = YES_AGGRESSIVE;
				CLANG_WARN_UNREACHABLE_CODE = YES;
				CLANG_WARN__DUPLICATE_METHOD_MATCH = YES;
				COPY_PHASE_STRIP = NO;
				DEBUG_INFORMATION_FORMAT = dwarf;
				ENABLE_STRICT_OBJC_MSGSEND = YES;
				ENABLE_TESTABILITY = YES;
				FLUTTER_BUILD_MODE = debug;
				GCC_C_LANGUAGE_STANDARD = gnu11;
				GCC_DYNAMIC_NO_PIC = NO;
				GCC_NO_COMMON_BLOCKS = YES;
				GCC_OPTIMIZATION_LEVEL = 0;
				GCC_PREPROCESSOR_DEFINITIONS = (
					"DEBUG=1",
					"$(inherited)",
				);
				GCC_WARN_64_TO_32_BIT_CONVERSION = YES;
				GCC_WARN_ABOUT_RETURN_TYPE = YES_ERROR;
				GCC_WARN_UNDECLARED_SELECTOR = YES;
				GCC_WARN_UNINITIALIZED_AUTOS = YES_AGGRESSIVE;
				GCC_WARN_UNUSED_FUNCTION = YES;
				GCC_WARN_UNUSED_VARIABLE = YES;
				IPHONEOS_DEPLOYMENT_TARGET = 13.6;
				MTL_ENABLE_DEBUG_INFO = INCLUDE_SOURCE;
				MTL_FAST_MATH = YES;
				ONLY_ACTIVE_ARCH = YES;
				SDKROOT = iphoneos;
				SWIFT_ACTIVE_COMPILATION_CONDITIONS = DEBUG;
				SWIFT_OPTIMIZATION_LEVEL = "-Onone";
			};
			name = Dev;
		};
		1E14C69924EE01790012FA99 /* Prod */ = {
			isa = XCBuildConfiguration;
			baseConfigurationReference = 7A282AFB24EEB36F00723185 /* Prod.xcconfig */;
			buildSettings = {
				ALWAYS_SEARCH_USER_PATHS = NO;
				CLANG_ANALYZER_NONNULL = YES;
				CLANG_ANALYZER_NUMBER_OBJECT_CONVERSION = YES_AGGRESSIVE;
				CLANG_CXX_LANGUAGE_STANDARD = "gnu++14";
				CLANG_CXX_LIBRARY = "libc++";
				CLANG_ENABLE_MODULES = YES;
				CLANG_ENABLE_OBJC_ARC = YES;
				CLANG_ENABLE_OBJC_WEAK = YES;
				CLANG_WARN_BLOCK_CAPTURE_AUTORELEASING = YES;
				CLANG_WARN_BOOL_CONVERSION = YES;
				CLANG_WARN_COMMA = YES;
				CLANG_WARN_CONSTANT_CONVERSION = YES;
				CLANG_WARN_DEPRECATED_OBJC_IMPLEMENTATIONS = YES;
				CLANG_WARN_DIRECT_OBJC_ISA_USAGE = YES_ERROR;
				CLANG_WARN_DOCUMENTATION_COMMENTS = YES;
				CLANG_WARN_EMPTY_BODY = YES;
				CLANG_WARN_ENUM_CONVERSION = YES;
				CLANG_WARN_INFINITE_RECURSION = YES;
				CLANG_WARN_INT_CONVERSION = YES;
				CLANG_WARN_NON_LITERAL_NULL_CONVERSION = YES;
				CLANG_WARN_OBJC_IMPLICIT_RETAIN_SELF = YES;
				CLANG_WARN_OBJC_LITERAL_CONVERSION = YES;
				CLANG_WARN_OBJC_ROOT_CLASS = YES_ERROR;
				CLANG_WARN_RANGE_LOOP_ANALYSIS = YES;
				CLANG_WARN_STRICT_PROTOTYPES = YES;
				CLANG_WARN_SUSPICIOUS_MOVE = YES;
				CLANG_WARN_UNGUARDED_AVAILABILITY = YES_AGGRESSIVE;
				CLANG_WARN_UNREACHABLE_CODE = YES;
				CLANG_WARN__DUPLICATE_METHOD_MATCH = YES;
				COPY_PHASE_STRIP = NO;
				DEBUG_INFORMATION_FORMAT = "dwarf-with-dsym";
				ENABLE_NS_ASSERTIONS = NO;
				ENABLE_STRICT_OBJC_MSGSEND = YES;
				FLUTTER_BUILD_MODE = release;
				GCC_C_LANGUAGE_STANDARD = gnu11;
				GCC_NO_COMMON_BLOCKS = YES;
				GCC_WARN_64_TO_32_BIT_CONVERSION = YES;
				GCC_WARN_ABOUT_RETURN_TYPE = YES_ERROR;
				GCC_WARN_UNDECLARED_SELECTOR = YES;
				GCC_WARN_UNINITIALIZED_AUTOS = YES_AGGRESSIVE;
				GCC_WARN_UNUSED_FUNCTION = YES;
				GCC_WARN_UNUSED_VARIABLE = YES;
				IPHONEOS_DEPLOYMENT_TARGET = 13.6;
				MTL_ENABLE_DEBUG_INFO = NO;
				MTL_FAST_MATH = YES;
				SDKROOT = iphoneos;
				SWIFT_COMPILATION_MODE = wholemodule;
				SWIFT_OPTIMIZATION_LEVEL = "-O";
				VALIDATE_PRODUCT = YES;
			};
			name = Prod;
		};
		1E14C69B24EE01790012FA99 /* Dev */ = {
			isa = XCBuildConfiguration;
			baseConfigurationReference = 646654D36661093A371326CD /* Pods-iOSApp.dev.xcconfig */;
			buildSettings = {
				ASSETCATALOG_COMPILER_APPICON_NAME = AppIcon;
				CODE_SIGN_STYLE = Automatic;
				DEVELOPMENT_ASSET_PATHS = "\"iOSApp/Resources/Preview Content\"";
				DEVELOPMENT_TEAM = U8CX677T7A;
				ENABLE_PREVIEWS = YES;
				INFOPLIST_FILE = iOSApp/Info.plist;
				LD_RUNPATH_SEARCH_PATHS = (
					"$(inherited)",
					"@executable_path/Frameworks",
				);
				PRODUCT_BUNDLE_IDENTIFIER = diefferson.iOSApp;
				PRODUCT_NAME = "$(TARGET_NAME)";
				SWIFT_VERSION = 5.0;
				TARGETED_DEVICE_FAMILY = "1,2";
			};
			name = Dev;
		};
		1E14C69C24EE01790012FA99 /* Prod */ = {
			isa = XCBuildConfiguration;
			baseConfigurationReference = B0F37769CDF668119604A026 /* Pods-iOSApp.prod.xcconfig */;
			buildSettings = {
				ASSETCATALOG_COMPILER_APPICON_NAME = AppIcon;
				CODE_SIGN_STYLE = Automatic;
				DEVELOPMENT_ASSET_PATHS = "\"iOSApp/Resources/Preview Content\"";
				DEVELOPMENT_TEAM = U8CX677T7A;
				ENABLE_PREVIEWS = YES;
				INFOPLIST_FILE = iOSApp/Info.plist;
				LD_RUNPATH_SEARCH_PATHS = (
					"$(inherited)",
					"@executable_path/Frameworks",
				);
				PRODUCT_BUNDLE_IDENTIFIER = diefferson.iOSApp;
				PRODUCT_NAME = "$(TARGET_NAME)";
				SWIFT_VERSION = 5.0;
				TARGETED_DEVICE_FAMILY = "1,2";
			};
			name = Prod;
		};
		1E14C69E24EE01790012FA99 /* Dev */ = {
			isa = XCBuildConfiguration;
			buildSettings = {
				ALWAYS_EMBED_SWIFT_STANDARD_LIBRARIES = YES;
				BUNDLE_LOADER = "$(TEST_HOST)";
				CODE_SIGN_STYLE = Automatic;
				DEVELOPMENT_TEAM = U8CX677T7A;
				INFOPLIST_FILE = iOSAppTests/Info.plist;
				IPHONEOS_DEPLOYMENT_TARGET = 13.6;
				LD_RUNPATH_SEARCH_PATHS = (
					"$(inherited)",
					"@executable_path/Frameworks",
					"@loader_path/Frameworks",
				);
				PRODUCT_BUNDLE_IDENTIFIER = diefferson.iOSAppTests;
				PRODUCT_NAME = "$(TARGET_NAME)";
				SWIFT_VERSION = 5.0;
				TARGETED_DEVICE_FAMILY = "1,2";
				TEST_HOST = "$(BUILT_PRODUCTS_DIR)/iOSApp.app/iOSApp";
			};
			name = Dev;
		};
		1E14C69F24EE01790012FA99 /* Prod */ = {
			isa = XCBuildConfiguration;
			buildSettings = {
				ALWAYS_EMBED_SWIFT_STANDARD_LIBRARIES = YES;
				BUNDLE_LOADER = "$(TEST_HOST)";
				CODE_SIGN_STYLE = Automatic;
				DEVELOPMENT_TEAM = U8CX677T7A;
				INFOPLIST_FILE = iOSAppTests/Info.plist;
				IPHONEOS_DEPLOYMENT_TARGET = 13.6;
				LD_RUNPATH_SEARCH_PATHS = (
					"$(inherited)",
					"@executable_path/Frameworks",
					"@loader_path/Frameworks",
				);
				PRODUCT_BUNDLE_IDENTIFIER = diefferson.iOSAppTests;
				PRODUCT_NAME = "$(TARGET_NAME)";
				SWIFT_VERSION = 5.0;
				TARGETED_DEVICE_FAMILY = "1,2";
				TEST_HOST = "$(BUILT_PRODUCTS_DIR)/iOSApp.app/iOSApp";
			};
			name = Prod;
		};
		1E14C6A124EE01790012FA99 /* Dev */ = {
			isa = XCBuildConfiguration;
			buildSettings = {
				ALWAYS_EMBED_SWIFT_STANDARD_LIBRARIES = YES;
				CODE_SIGN_STYLE = Automatic;
				DEVELOPMENT_TEAM = U8CX677T7A;
				INFOPLIST_FILE = iOSAppUITests/Info.plist;
				LD_RUNPATH_SEARCH_PATHS = (
					"$(inherited)",
					"@executable_path/Frameworks",
					"@loader_path/Frameworks",
				);
				PRODUCT_BUNDLE_IDENTIFIER = diefferson.iOSAppUITests;
				PRODUCT_NAME = "$(TARGET_NAME)";
				SWIFT_VERSION = 5.0;
				TARGETED_DEVICE_FAMILY = "1,2";
				TEST_TARGET_NAME = iOSApp;
			};
			name = Dev;
		};
		1E14C6A224EE01790012FA99 /* Prod */ = {
			isa = XCBuildConfiguration;
			buildSettings = {
				ALWAYS_EMBED_SWIFT_STANDARD_LIBRARIES = YES;
				CODE_SIGN_STYLE = Automatic;
				DEVELOPMENT_TEAM = U8CX677T7A;
				INFOPLIST_FILE = iOSAppUITests/Info.plist;
				LD_RUNPATH_SEARCH_PATHS = (
					"$(inherited)",
					"@executable_path/Frameworks",
					"@loader_path/Frameworks",
				);
				PRODUCT_BUNDLE_IDENTIFIER = diefferson.iOSAppUITests;
				PRODUCT_NAME = "$(TARGET_NAME)";
				SWIFT_VERSION = 5.0;
				TARGETED_DEVICE_FAMILY = "1,2";
				TEST_TARGET_NAME = iOSApp;
			};
			name = Prod;
		};
		7A282AF724EEB28500723185 /* Sandbox */ = {
			isa = XCBuildConfiguration;
			baseConfigurationReference = 7A282AFC24EEB37E00723185 /* Sandbox.xcconfig */;
			buildSettings = {
				ALWAYS_SEARCH_USER_PATHS = NO;
				CLANG_ANALYZER_NONNULL = YES;
				CLANG_ANALYZER_NUMBER_OBJECT_CONVERSION = YES_AGGRESSIVE;
				CLANG_CXX_LANGUAGE_STANDARD = "gnu++14";
				CLANG_CXX_LIBRARY = "libc++";
				CLANG_ENABLE_MODULES = YES;
				CLANG_ENABLE_OBJC_ARC = YES;
				CLANG_ENABLE_OBJC_WEAK = YES;
				CLANG_WARN_BLOCK_CAPTURE_AUTORELEASING = YES;
				CLANG_WARN_BOOL_CONVERSION = YES;
				CLANG_WARN_COMMA = YES;
				CLANG_WARN_CONSTANT_CONVERSION = YES;
				CLANG_WARN_DEPRECATED_OBJC_IMPLEMENTATIONS = YES;
				CLANG_WARN_DIRECT_OBJC_ISA_USAGE = YES_ERROR;
				CLANG_WARN_DOCUMENTATION_COMMENTS = YES;
				CLANG_WARN_EMPTY_BODY = YES;
				CLANG_WARN_ENUM_CONVERSION = YES;
				CLANG_WARN_INFINITE_RECURSION = YES;
				CLANG_WARN_INT_CONVERSION = YES;
				CLANG_WARN_NON_LITERAL_NULL_CONVERSION = YES;
				CLANG_WARN_OBJC_IMPLICIT_RETAIN_SELF = YES;
				CLANG_WARN_OBJC_LITERAL_CONVERSION = YES;
				CLANG_WARN_OBJC_ROOT_CLASS = YES_ERROR;
				CLANG_WARN_RANGE_LOOP_ANALYSIS = YES;
				CLANG_WARN_STRICT_PROTOTYPES = YES;
				CLANG_WARN_SUSPICIOUS_MOVE = YES;
				CLANG_WARN_UNGUARDED_AVAILABILITY = YES_AGGRESSIVE;
				CLANG_WARN_UNREACHABLE_CODE = YES;
				CLANG_WARN__DUPLICATE_METHOD_MATCH = YES;
				COPY_PHASE_STRIP = NO;
				DEBUG_INFORMATION_FORMAT = "dwarf-with-dsym";
				ENABLE_NS_ASSERTIONS = NO;
				ENABLE_STRICT_OBJC_MSGSEND = YES;
				FLUTTER_BUILD_MODE = release;
				GCC_C_LANGUAGE_STANDARD = gnu11;
				GCC_NO_COMMON_BLOCKS = YES;
				GCC_WARN_64_TO_32_BIT_CONVERSION = YES;
				GCC_WARN_ABOUT_RETURN_TYPE = YES_ERROR;
				GCC_WARN_UNDECLARED_SELECTOR = YES;
				GCC_WARN_UNINITIALIZED_AUTOS = YES_AGGRESSIVE;
				GCC_WARN_UNUSED_FUNCTION = YES;
				GCC_WARN_UNUSED_VARIABLE = YES;
				IPHONEOS_DEPLOYMENT_TARGET = 13.6;
				MTL_ENABLE_DEBUG_INFO = NO;
				MTL_FAST_MATH = YES;
				SDKROOT = iphoneos;
				SWIFT_COMPILATION_MODE = wholemodule;
				SWIFT_OPTIMIZATION_LEVEL = "-O";
				VALIDATE_PRODUCT = YES;
			};
			name = Sandbox;
		};
		7A282AF824EEB28500723185 /* Sandbox */ = {
			isa = XCBuildConfiguration;
			baseConfigurationReference = 06AE304D3A95164D25B28189 /* Pods-iOSApp.sandbox.xcconfig */;
			buildSettings = {
				ASSETCATALOG_COMPILER_APPICON_NAME = AppIcon;
				CODE_SIGN_STYLE = Automatic;
				DEVELOPMENT_ASSET_PATHS = "\"iOSApp/Resources/Preview Content\"";
				DEVELOPMENT_TEAM = U8CX677T7A;
				ENABLE_PREVIEWS = YES;
				INFOPLIST_FILE = iOSApp/Info.plist;
				LD_RUNPATH_SEARCH_PATHS = (
					"$(inherited)",
					"@executable_path/Frameworks",
				);
				PRODUCT_BUNDLE_IDENTIFIER = diefferson.iOSApp;
				PRODUCT_NAME = "$(TARGET_NAME)";
				SWIFT_VERSION = 5.0;
				TARGETED_DEVICE_FAMILY = "1,2";
			};
			name = Sandbox;
		};
		7A282AF924EEB28500723185 /* Sandbox */ = {
			isa = XCBuildConfiguration;
			buildSettings = {
				ALWAYS_EMBED_SWIFT_STANDARD_LIBRARIES = YES;
				BUNDLE_LOADER = "$(TEST_HOST)";
				CODE_SIGN_STYLE = Automatic;
				DEVELOPMENT_TEAM = U8CX677T7A;
				INFOPLIST_FILE = iOSAppTests/Info.plist;
				IPHONEOS_DEPLOYMENT_TARGET = 13.6;
				LD_RUNPATH_SEARCH_PATHS = (
					"$(inherited)",
					"@executable_path/Frameworks",
					"@loader_path/Frameworks",
				);
				PRODUCT_BUNDLE_IDENTIFIER = diefferson.iOSAppTests;
				PRODUCT_NAME = "$(TARGET_NAME)";
				SWIFT_VERSION = 5.0;
				TARGETED_DEVICE_FAMILY = "1,2";
				TEST_HOST = "$(BUILT_PRODUCTS_DIR)/iOSApp.app/iOSApp";
			};
			name = Sandbox;
		};
		7A282AFA24EEB28500723185 /* Sandbox */ = {
			isa = XCBuildConfiguration;
			buildSettings = {
				ALWAYS_EMBED_SWIFT_STANDARD_LIBRARIES = YES;
				CODE_SIGN_STYLE = Automatic;
				DEVELOPMENT_TEAM = U8CX677T7A;
				INFOPLIST_FILE = iOSAppUITests/Info.plist;
				LD_RUNPATH_SEARCH_PATHS = (
					"$(inherited)",
					"@executable_path/Frameworks",
					"@loader_path/Frameworks",
				);
				PRODUCT_BUNDLE_IDENTIFIER = diefferson.iOSAppUITests;
				PRODUCT_NAME = "$(TARGET_NAME)";
				SWIFT_VERSION = 5.0;
				TARGETED_DEVICE_FAMILY = "1,2";
				TEST_TARGET_NAME = iOSApp;
			};
			name = Sandbox;
		};
/* End XCBuildConfiguration section */

/* Begin XCConfigurationList section */
		1E14C66B24EE01730012FA99 /* Build configuration list for PBXProject "iOSApp" */ = {
			isa = XCConfigurationList;
			buildConfigurations = (
				1E14C69824EE01790012FA99 /* Dev */,
				1E14C69924EE01790012FA99 /* Prod */,
				7A282AF724EEB28500723185 /* Sandbox */,
			);
			defaultConfigurationIsVisible = 0;
			defaultConfigurationName = Prod;
		};
		1E14C69A24EE01790012FA99 /* Build configuration list for PBXNativeTarget "iOSApp" */ = {
			isa = XCConfigurationList;
			buildConfigurations = (
				1E14C69B24EE01790012FA99 /* Dev */,
				1E14C69C24EE01790012FA99 /* Prod */,
				7A282AF824EEB28500723185 /* Sandbox */,
			);
			defaultConfigurationIsVisible = 0;
			defaultConfigurationName = Prod;
		};
		1E14C69D24EE01790012FA99 /* Build configuration list for PBXNativeTarget "iOSAppTests" */ = {
			isa = XCConfigurationList;
			buildConfigurations = (
				1E14C69E24EE01790012FA99 /* Dev */,
				1E14C69F24EE01790012FA99 /* Prod */,
				7A282AF924EEB28500723185 /* Sandbox */,
			);
			defaultConfigurationIsVisible = 0;
			defaultConfigurationName = Prod;
		};
		1E14C6A024EE01790012FA99 /* Build configuration list for PBXNativeTarget "iOSAppUITests" */ = {
			isa = XCConfigurationList;
			buildConfigurations = (
				1E14C6A124EE01790012FA99 /* Dev */,
				1E14C6A224EE01790012FA99 /* Prod */,
				7A282AFA24EEB28500723185 /* Sandbox */,
			);
			defaultConfigurationIsVisible = 0;
			defaultConfigurationName = Prod;
		};
/* End XCConfigurationList section */
	};
	rootObject = 1E14C66824EE01730012FA99 /* Project object */;
}
